{
    "name": "astal-shell",
    "lockfileVersion": 3,
    "requires": true,
    "packages": {
        "": {
            "name": "astal-shell",
            "dependencies": {
                "astal": "/nix/store/4s2d5sflizsyyrcay79a1vhg1zr9v91g-astal-gjs-0-unstable-2025-11-07/share/astal/gjs"
            }
        },
        "../../../../nix/store/4s2d5sflizsyyrcay79a1vhg1zr9v91g-astal-gjs-0-unstable-2025-11-07/share/astal/gjs": {
            "name": "astal",
            "license": "LGPL-2.1"
        },
        "node_modules/astal": {
            "resolved": "../../../../nix/store/4s2d5sflizsyyrcay79a1vhg1zr9v91g-astal-gjs-0-unstable-2025-11-07/share/astal/gjs",
            "link": true
        }
    }
}
